
Microsoft Visual Studio Solution File, Format Version 12.00
# Visual Studio 14
VisualStudioVersion = 14.0.25420.1
MinimumVisualStudioVersion = 10.0.40219.1
Project("{FAE04EC0-301F-11D3-BF4B-00C04F79EFBC}") = "LocationSampleApp", "LocationSampleApp\LocationSampleApp\LocationSampleApp.csproj", "{CE11D316-12CC-4238-955B-138FC2F4E56D}"
EndProject
Project("{FAE04EC0-301F-11D3-BF4B-00C04F79EFBC}") = "LocationSampleApp.Droid", "LocationSampleApp\LocationSampleApp.Droid\LocationSampleApp.Droid.csproj", "{666063D9-745E-446A-B982-A2F670609E23}"
EndProject
Project("{FAE04EC0-301F-11D3-BF4B-00C04F79EFBC}") = "LocationSampleApp.iOS", "LocationSampleApp\LocationSampleApp.iOS\LocationSampleApp.iOS.csproj", "{8F510538-8A2E-4C82-BAE5-527977B466CD}"
EndProject
Project("{FAE04EC0-301F-11D3-BF4B-00C04F79EFBC}") = "LocationSampleApp.WinPhone", "LocationSampleApp\LocationSampleApp.WinPhone\LocationSampleApp.WinPhone.csproj", "{6BF45AE9-530A-484C-B05F-A908BD93B213}"
EndProject
Project("{FAE04EC0-301F-11D3-BF4B-00C04F79EFBC}") = "LocationSampleApp.Windows", "LocationSampleApp\LocationSampleApp.Windows\LocationSampleApp.Windows.csproj", "{46A58C48-9D74-4A53-96E6-9ED00D13AD53}"
EndProject
Global
	GlobalSection(SolutionConfigurationPlatforms) = preSolution
		Ad-Hoc|Any CPU = Ad-Hoc|Any CPU
		Ad-Hoc|ARM = Ad-Hoc|ARM
		Ad-Hoc|iPhone = Ad-Hoc|iPhone
		Ad-Hoc|iPhoneSimulator = Ad-Hoc|iPhoneSimulator
		Ad-Hoc|x64 = Ad-Hoc|x64
		Ad-Hoc|x86 = Ad-Hoc|x86
		AppStore|Any CPU = AppStore|Any CPU
		AppStore|ARM = AppStore|ARM
		AppStore|iPhone = AppStore|iPhone
		AppStore|iPhoneSimulator = AppStore|iPhoneSimulator
		AppStore|x64 = AppStore|x64
		AppStore|x86 = AppStore|x86
		Debug|Any CPU = Debug|Any CPU
		Debug|ARM = Debug|ARM
		Debug|iPhone = Debug|iPhone
		Debug|iPhoneSimulator = Debug|iPhoneSimulator
		Debug|x64 = Debug|x64
		Debug|x86 = Debug|x86
		Release|Any CPU = Release|Any CPU
		Release|ARM = Release|ARM
		Release|iPhone = Release|iPhone
		Release|iPhoneSimulator = Release|iPhoneSimulator
		Release|x64 = Release|x64
		Release|x86 = Release|x86
	EndGlobalSection
	GlobalSection(ProjectConfigurationPlatforms) = postSolution
		{CE11D316-12CC-4238-955B-138FC2F4E56D}.Ad-Hoc|Any CPU.ActiveCfg = Release|Any CPU
		{CE11D316-12CC-4238-955B-138FC2F4E56D}.Ad-Hoc|Any CPU.Build.0 = Release|Any CPU
		{CE11D316-12CC-4238-955B-138FC2F4E56D}.Ad-Hoc|ARM.ActiveCfg = Release|Any CPU
		{CE11D316-12CC-4238-955B-138FC2F4E56D}.Ad-Hoc|ARM.Build.0 = Release|Any CPU
		{CE11D316-12CC-4238-955B-138FC2F4E56D}.Ad-Hoc|iPhone.ActiveCfg = Release|Any CPU
		{CE11D316-12CC-4238-955B-138FC2F4E56D}.Ad-Hoc|iPhone.Build.0 = Release|Any CPU
		{CE11D316-12CC-4238-955B-138FC2F4E56D}.Ad-Hoc|iPhoneSimulator.ActiveCfg = Release|Any CPU
		{CE11D316-12CC-4238-955B-138FC2F4E56D}.Ad-Hoc|iPhoneSimulator.Build.0 = Release|Any CPU
		{CE11D316-12CC-4238-955B-138FC2F4E56D}.Ad-Hoc|x64.ActiveCfg = Release|Any CPU
		{CE11D316-12CC-4238-955B-138FC2F4E56D}.Ad-Hoc|x64.Build.0 = Release|Any CPU
		{CE11D316-12CC-4238-955B-138FC2F4E56D}.Ad-Hoc|x86.ActiveCfg = Release|Any CPU
		{CE11D316-12CC-4238-955B-138FC2F4E56D}.Ad-Hoc|x86.Build.0 = Release|Any CPU
		{CE11D316-12CC-4238-955B-138FC2F4E56D}.AppStore|Any CPU.ActiveCfg = Release|Any CPU
		{CE11D316-12CC-4238-955B-138FC2F4E56D}.AppStore|Any CPU.Build.0 = Release|Any CPU
		{CE11D316-12CC-4238-955B-138FC2F4E56D}.AppStore|ARM.ActiveCfg = Release|Any CPU
		{CE11D316-12CC-4238-955B-138FC2F4E56D}.AppStore|ARM.Build.0 = Release|Any CPU
		{CE11D316-12CC-4238-955B-138FC2F4E56D}.AppStore|iPhone.ActiveCfg = Release|Any CPU
		{CE11D316-12CC-4238-955B-138FC2F4E56D}.AppStore|iPhone.Build.0 = Release|Any CPU
		{CE11D316-12CC-4238-955B-138FC2F4E56D}.AppStore|iPhoneSimulator.ActiveCfg = Release|Any CPU
		{CE11D316-12CC-4238-955B-138FC2F4E56D}.AppStore|iPhoneSimulator.Build.0 = Release|Any CPU
		{CE11D316-12CC-4238-955B-138FC2F4E56D}.AppStore|x64.ActiveCfg = Release|Any CPU
		{CE11D316-12CC-4238-955B-138FC2F4E56D}.AppStore|x64.Build.0 = Release|Any CPU
		{CE11D316-12CC-4238-955B-138FC2F4E56D}.AppStore|x86.ActiveCfg = Release|Any CPU
		{CE11D316-12CC-4238-955B-138FC2F4E56D}.AppStore|x86.Build.0 = Release|Any CPU
		{CE11D316-12CC-4238-955B-138FC2F4E56D}.Debug|Any CPU.ActiveCfg = Debug|Any CPU
		{CE11D316-12CC-4238-955B-138FC2F4E56D}.Debug|Any CPU.Build.0 = Debug|Any CPU
		{CE11D316-12CC-4238-955B-138FC2F4E56D}.Debug|ARM.ActiveCfg = Debug|Any CPU
		{CE11D316-12CC-4238-955B-138FC2F4E56D}.Debug|ARM.Build.0 = Debug|Any CPU
		{CE11D316-12CC-4238-955B-138FC2F4E56D}.Debug|iPhone.ActiveCfg = Debug|Any CPU
		{CE11D316-12CC-4238-955B-138FC2F4E56D}.Debug|iPhone.Build.0 = Debug|Any CPU
		{CE11D316-12CC-4238-955B-138FC2F4E56D}.Debug|iPhoneSimulator.ActiveCfg = Debug|Any CPU
		{CE11D316-12CC-4238-955B-138FC2F4E56D}.Debug|iPhoneSimulator.Build.0 = Debug|Any CPU
		{CE11D316-12CC-4238-955B-138FC2F4E56D}.Debug|x64.ActiveCfg = Debug|Any CPU
		{CE11D316-12CC-4238-955B-138FC2F4E56D}.Debug|x64.Build.0 = Debug|Any CPU
		{CE11D316-12CC-4238-955B-138FC2F4E56D}.Debug|x86.ActiveCfg = Debug|Any CPU
		{CE11D316-12CC-4238-955B-138FC2F4E56D}.Debug|x86.Build.0 = Debug|Any CPU
		{CE11D316-12CC-4238-955B-138FC2F4E56D}.Release|Any CPU.ActiveCfg = Release|Any CPU
		{CE11D316-12CC-4238-955B-138FC2F4E56D}.Release|Any CPU.Build.0 = Release|Any CPU
		{CE11D316-12CC-4238-955B-138FC2F4E56D}.Release|ARM.ActiveCfg = Release|Any CPU
		{CE11D316-12CC-4238-955B-138FC2F4E56D}.Release|ARM.Build.0 = Release|Any CPU
		{CE11D316-12CC-4238-955B-138FC2F4E56D}.Release|iPhone.ActiveCfg = Release|Any CPU
		{CE11D316-12CC-4238-955B-138FC2F4E56D}.Release|iPhone.Build.0 = Release|Any CPU
		{CE11D316-12CC-4238-955B-138FC2F4E56D}.Release|iPhoneSimulator.ActiveCfg = Release|Any CPU
		{CE11D316-12CC-4238-955B-138FC2F4E56D}.Release|iPhoneSimulator.Build.0 = Release|Any CPU
		{CE11D316-12CC-4238-955B-138FC2F4E56D}.Release|x64.ActiveCfg = Release|Any CPU
		{CE11D316-12CC-4238-955B-138FC2F4E56D}.Release|x64.Build.0 = Release|Any CPU
		{CE11D316-12CC-4238-955B-138FC2F4E56D}.Release|x86.ActiveCfg = Release|Any CPU
		{CE11D316-12CC-4238-955B-138FC2F4E56D}.Release|x86.Build.0 = Release|Any CPU
		{666063D9-745E-446A-B982-A2F670609E23}.Ad-Hoc|Any CPU.ActiveCfg = Release|Any CPU
		{666063D9-745E-446A-B982-A2F670609E23}.Ad-Hoc|Any CPU.Build.0 = Release|Any CPU
		{666063D9-745E-446A-B982-A2F670609E23}.Ad-Hoc|Any CPU.Deploy.0 = Release|Any CPU
		{666063D9-745E-446A-B982-A2F670609E23}.Ad-Hoc|ARM.ActiveCfg = Release|Any CPU
		{666063D9-745E-446A-B982-A2F670609E23}.Ad-Hoc|ARM.Build.0 = Release|Any CPU
		{666063D9-745E-446A-B982-A2F670609E23}.Ad-Hoc|ARM.Deploy.0 = Release|Any CPU
		{666063D9-745E-446A-B982-A2F670609E23}.Ad-Hoc|iPhone.ActiveCfg = Release|Any CPU
		{666063D9-745E-446A-B982-A2F670609E23}.Ad-Hoc|iPhone.Build.0 = Release|Any CPU
		{666063D9-745E-446A-B982-A2F670609E23}.Ad-Hoc|iPhone.Deploy.0 = Release|Any CPU
		{666063D9-745E-446A-B982-A2F670609E23}.Ad-Hoc|iPhoneSimulator.ActiveCfg = Release|Any CPU
		{666063D9-745E-446A-B982-A2F670609E23}.Ad-Hoc|iPhoneSimulator.Build.0 = Release|Any CPU
		{666063D9-745E-446A-B982-A2F670609E23}.Ad-Hoc|iPhoneSimulator.Deploy.0 = Release|Any CPU
		{666063D9-745E-446A-B982-A2F670609E23}.Ad-Hoc|x64.ActiveCfg = Release|Any CPU
		{666063D9-745E-446A-B982-A2F670609E23}.Ad-Hoc|x64.Build.0 = Release|Any CPU
		{666063D9-745E-446A-B982-A2F670609E23}.Ad-Hoc|x64.Deploy.0 = Release|Any CPU
		{666063D9-745E-446A-B982-A2F670609E23}.Ad-Hoc|x86.ActiveCfg = Release|Any CPU
		{666063D9-745E-446A-B982-A2F670609E23}.Ad-Hoc|x86.Build.0 = Release|Any CPU
		{666063D9-745E-446A-B982-A2F670609E23}.Ad-Hoc|x86.Deploy.0 = Release|Any CPU
		{666063D9-745E-446A-B982-A2F670609E23}.AppStore|Any CPU.ActiveCfg = Release|Any CPU
		{666063D9-745E-446A-B982-A2F670609E23}.AppStore|Any CPU.Build.0 = Release|Any CPU
		{666063D9-745E-446A-B982-A2F670609E23}.AppStore|Any CPU.Deploy.0 = Release|Any CPU
		{666063D9-745E-446A-B982-A2F670609E23}.AppStore|ARM.ActiveCfg = Release|Any CPU
		{666063D9-745E-446A-B982-A2F670609E23}.AppStore|ARM.Build.0 = Release|Any CPU
		{666063D9-745E-446A-B982-A2F670609E23}.AppStore|ARM.Deploy.0 = Release|Any CPU
		{666063D9-745E-446A-B982-A2F670609E23}.AppStore|iPhone.ActiveCfg = Release|Any CPU
		{666063D9-745E-446A-B982-A2F670609E23}.AppStore|iPhone.Build.0 = Release|Any CPU
		{666063D9-745E-446A-B982-A2F670609E23}.AppStore|iPhone.Deploy.0 = Release|Any CPU
		{666063D9-745E-446A-B982-A2F670609E23}.AppStore|iPhoneSimulator.ActiveCfg = Release|Any CPU
		{666063D9-745E-446A-B982-A2F670609E23}.AppStore|iPhoneSimulator.Build.0 = Release|Any CPU
		{666063D9-745E-446A-B982-A2F670609E23}.AppStore|iPhoneSimulator.Deploy.0 = Release|Any CPU
		{666063D9-745E-446A-B982-A2F670609E23}.AppStore|x64.ActiveCfg = Release|Any CPU
		{666063D9-745E-446A-B982-A2F670609E23}.AppStore|x64.Build.0 = Release|Any CPU
		{666063D9-745E-446A-B982-A2F670609E23}.AppStore|x64.Deploy.0 = Release|Any CPU
		{666063D9-745E-446A-B982-A2F670609E23}.AppStore|x86.ActiveCfg = Release|Any CPU
		{666063D9-745E-446A-B982-A2F670609E23}.AppStore|x86.Build.0 = Release|Any CPU
		{666063D9-745E-446A-B982-A2F670609E23}.AppStore|x86.Deploy.0 = Release|Any CPU
		{666063D9-745E-446A-B982-A2F670609E23}.Debug|Any CPU.ActiveCfg = Debug|Any CPU
		{666063D9-745E-446A-B982-A2F670609E23}.Debug|Any CPU.Build.0 = Debug|Any CPU
		{666063D9-745E-446A-B982-A2F670609E23}.Debug|Any CPU.Deploy.0 = Debug|Any CPU
		{666063D9-745E-446A-B982-A2F670609E23}.Debug|ARM.ActiveCfg = Debug|Any CPU
		{666063D9-745E-446A-B982-A2F670609E23}.Debug|ARM.Build.0 = Debug|Any CPU
		{666063D9-745E-446A-B982-A2F670609E23}.Debug|ARM.Deploy.0 = Debug|Any CPU
		{666063D9-745E-446A-B982-A2F670609E23}.Debug|iPhone.ActiveCfg = Debug|Any CPU
		{666063D9-745E-446A-B982-A2F670609E23}.Debug|iPhone.Build.0 = Debug|Any CPU
		{666063D9-745E-446A-B982-A2F670609E23}.Debug|iPhone.Deploy.0 = Debug|Any CPU
		{666063D9-745E-446A-B982-A2F670609E23}.Debug|iPhoneSimulator.ActiveCfg = Debug|Any CPU
		{666063D9-745E-446A-B982-A2F670609E23}.Debug|iPhoneSimulator.Build.0 = Debug|Any CPU
		{666063D9-745E-446A-B982-A2F670609E23}.Debug|iPhoneSimulator.Deploy.0 = Debug|Any CPU
		{666063D9-745E-446A-B982-A2F670609E23}.Debug|x64.ActiveCfg = Debug|Any CPU
		{666063D9-745E-446A-B982-A2F670609E23}.Debug|x64.Build.0 = Debug|Any CPU
		{666063D9-745E-446A-B982-A2F670609E23}.Debug|x64.Deploy.0 = Debug|Any CPU
		{666063D9-745E-446A-B982-A2F670609E23}.Debug|x86.ActiveCfg = Debug|Any CPU
		{666063D9-745E-446A-B982-A2F670609E23}.Debug|x86.Build.0 = Debug|Any CPU
		{666063D9-745E-446A-B982-A2F670609E23}.Debug|x86.Deploy.0 = Debug|Any CPU
		{666063D9-745E-446A-B982-A2F670609E23}.Release|Any CPU.ActiveCfg = Release|Any CPU
		{666063D9-745E-446A-B982-A2F670609E23}.Release|Any CPU.Build.0 = Release|Any CPU
		{666063D9-745E-446A-B982-A2F670609E23}.Release|Any CPU.Deploy.0 = Release|Any CPU
		{666063D9-745E-446A-B982-A2F670609E23}.Release|ARM.ActiveCfg = Release|Any CPU
		{666063D9-745E-446A-B982-A2F670609E23}.Release|ARM.Build.0 = Release|Any CPU
		{666063D9-745E-446A-B982-A2F670609E23}.Release|ARM.Deploy.0 = Release|Any CPU
		{666063D9-745E-446A-B982-A2F670609E23}.Release|iPhone.ActiveCfg = Release|Any CPU
		{666063D9-745E-446A-B982-A2F670609E23}.Release|iPhone.Build.0 = Release|Any CPU
		{666063D9-745E-446A-B982-A2F670609E23}.Release|iPhone.Deploy.0 = Release|Any CPU
		{666063D9-745E-446A-B982-A2F670609E23}.Release|iPhoneSimulator.ActiveCfg = Release|Any CPU
		{666063D9-745E-446A-B982-A2F670609E23}.Release|iPhoneSimulator.Build.0 = Release|Any CPU
		{666063D9-745E-446A-B982-A2F670609E23}.Release|iPhoneSimulator.Deploy.0 = Release|Any CPU
		{666063D9-745E-446A-B982-A2F670609E23}.Release|x64.ActiveCfg = Release|Any CPU
		{666063D9-745E-446A-B982-A2F670609E23}.Release|x64.Build.0 = Release|Any CPU
		{666063D9-745E-446A-B982-A2F670609E23}.Release|x64.Deploy.0 = Release|Any CPU
		{666063D9-745E-446A-B982-A2F670609E23}.Release|x86.ActiveCfg = Release|Any CPU
		{666063D9-745E-446A-B982-A2F670609E23}.Release|x86.Build.0 = Release|Any CPU
		{666063D9-745E-446A-B982-A2F670609E23}.Release|x86.Deploy.0 = Release|Any CPU
		{8F510538-8A2E-4C82-BAE5-527977B466CD}.Ad-Hoc|Any CPU.ActiveCfg = Ad-Hoc|iPhone
		{8F510538-8A2E-4C82-BAE5-527977B466CD}.Ad-Hoc|ARM.ActiveCfg = Ad-Hoc|iPhone
		{8F510538-8A2E-4C82-BAE5-527977B466CD}.Ad-Hoc|iPhone.ActiveCfg = Ad-Hoc|iPhone
		{8F510538-8A2E-4C82-BAE5-527977B466CD}.Ad-Hoc|iPhone.Build.0 = Ad-Hoc|iPhone
		{8F510538-8A2E-4C82-BAE5-527977B466CD}.Ad-Hoc|iPhoneSimulator.ActiveCfg = Ad-Hoc|iPhoneSimulator
		{8F510538-8A2E-4C82-BAE5-527977B466CD}.Ad-Hoc|iPhoneSimulator.Build.0 = Ad-Hoc|iPhoneSimulator
		{8F510538-8A2E-4C82-BAE5-527977B466CD}.Ad-Hoc|x64.ActiveCfg = Ad-Hoc|iPhone
		{8F510538-8A2E-4C82-BAE5-527977B466CD}.Ad-Hoc|x86.ActiveCfg = Ad-Hoc|iPhone
		{8F510538-8A2E-4C82-BAE5-527977B466CD}.AppStore|Any CPU.ActiveCfg = AppStore|iPhone
		{8F510538-8A2E-4C82-BAE5-527977B466CD}.AppStore|ARM.ActiveCfg = AppStore|iPhone
		{8F510538-8A2E-4C82-BAE5-527977B466CD}.AppStore|iPhone.ActiveCfg = AppStore|iPhone
		{8F510538-8A2E-4C82-BAE5-527977B466CD}.AppStore|iPhone.Build.0 = AppStore|iPhone
		{8F510538-8A2E-4C82-BAE5-527977B466CD}.AppStore|iPhoneSimulator.ActiveCfg = AppStore|iPhoneSimulator
		{8F510538-8A2E-4C82-BAE5-527977B466CD}.AppStore|iPhoneSimulator.Build.0 = AppStore|iPhoneSimulator
		{8F510538-8A2E-4C82-BAE5-527977B466CD}.AppStore|x64.ActiveCfg = AppStore|iPhone
		{8F510538-8A2E-4C82-BAE5-527977B466CD}.AppStore|x86.ActiveCfg = AppStore|iPhone
		{8F510538-8A2E-4C82-BAE5-527977B466CD}.Debug|Any CPU.ActiveCfg = Debug|iPhone
		{8F510538-8A2E-4C82-BAE5-527977B466CD}.Debug|ARM.ActiveCfg = Debug|iPhone
		{8F510538-8A2E-4C82-BAE5-527977B466CD}.Debug|iPhone.ActiveCfg = Debug|iPhone
		{8F510538-8A2E-4C82-BAE5-527977B466CD}.Debug|iPhone.Build.0 = Debug|iPhone
		{8F510538-8A2E-4C82-BAE5-527977B466CD}.Debug|iPhoneSimulator.ActiveCfg = Debug|iPhoneSimulator
		{8F510538-8A2E-4C82-BAE5-527977B466CD}.Debug|iPhoneSimulator.Build.0 = Debug|iPhoneSimulator
		{8F510538-8A2E-4C82-BAE5-527977B466CD}.Debug|x64.ActiveCfg = Debug|iPhone
		{8F510538-8A2E-4C82-BAE5-527977B466CD}.Debug|x86.ActiveCfg = Debug|iPhone
		{8F510538-8A2E-4C82-BAE5-527977B466CD}.Release|Any CPU.ActiveCfg = Release|iPhone
		{8F510538-8A2E-4C82-BAE5-527977B466CD}.Release|ARM.ActiveCfg = Release|iPhone
		{8F510538-8A2E-4C82-BAE5-527977B466CD}.Release|iPhone.ActiveCfg = Release|iPhone
		{8F510538-8A2E-4C82-BAE5-527977B466CD}.Release|iPhone.Build.0 = Release|iPhone
		{8F510538-8A2E-4C82-BAE5-527977B466CD}.Release|iPhoneSimulator.ActiveCfg = Release|iPhoneSimulator
		{8F510538-8A2E-4C82-BAE5-527977B466CD}.Release|iPhoneSimulator.Build.0 = Release|iPhoneSimulator
		{8F510538-8A2E-4C82-BAE5-527977B466CD}.Release|x64.ActiveCfg = Release|iPhone
		{8F510538-8A2E-4C82-BAE5-527977B466CD}.Release|x86.ActiveCfg = Release|iPhone
		{6BF45AE9-530A-484C-B05F-A908BD93B213}.Ad-Hoc|Any CPU.ActiveCfg = Release|Any CPU
		{6BF45AE9-530A-484C-B05F-A908BD93B213}.Ad-Hoc|Any CPU.Build.0 = Release|Any CPU
		{6BF45AE9-530A-484C-B05F-A908BD93B213}.Ad-Hoc|Any CPU.Deploy.0 = Release|Any CPU
		{6BF45AE9-530A-484C-B05F-A908BD93B213}.Ad-Hoc|ARM.ActiveCfg = Release|ARM
		{6BF45AE9-530A-484C-B05F-A908BD93B213}.Ad-Hoc|ARM.Build.0 = Release|ARM
		{6BF45AE9-530A-484C-B05F-A908BD93B213}.Ad-Hoc|ARM.Deploy.0 = Release|ARM
		{6BF45AE9-530A-484C-B05F-A908BD93B213}.Ad-Hoc|iPhone.ActiveCfg = Release|Any CPU
		{6BF45AE9-530A-484C-B05F-A908BD93B213}.Ad-Hoc|iPhone.Build.0 = Release|Any CPU
		{6BF45AE9-530A-484C-B05F-A908BD93B213}.Ad-Hoc|iPhone.Deploy.0 = Release|Any CPU
		{6BF45AE9-530A-484C-B05F-A908BD93B213}.Ad-Hoc|iPhoneSimulator.ActiveCfg = Release|Any CPU
		{6BF45AE9-530A-484C-B05F-A908BD93B213}.Ad-Hoc|iPhoneSimulator.Build.0 = Release|Any CPU
		{6BF45AE9-530A-484C-B05F-A908BD93B213}.Ad-Hoc|iPhoneSimulator.Deploy.0 = Release|Any CPU
		{6BF45AE9-530A-484C-B05F-A908BD93B213}.Ad-Hoc|x64.ActiveCfg = Release|Any CPU
		{6BF45AE9-530A-484C-B05F-A908BD93B213}.Ad-Hoc|x64.Build.0 = Release|Any CPU
		{6BF45AE9-530A-484C-B05F-A908BD93B213}.Ad-Hoc|x64.Deploy.0 = Release|Any CPU
		{6BF45AE9-530A-484C-B05F-A908BD93B213}.Ad-Hoc|x86.ActiveCfg = Release|x86
		{6BF45AE9-530A-484C-B05F-A908BD93B213}.Ad-Hoc|x86.Build.0 = Release|x86
		{6BF45AE9-530A-484C-B05F-A908BD93B213}.Ad-Hoc|x86.Deploy.0 = Release|x86
		{6BF45AE9-530A-484C-B05F-A908BD93B213}.AppStore|Any CPU.ActiveCfg = Release|Any CPU
		{6BF45AE9-530A-484C-B05F-A908BD93B213}.AppStore|Any CPU.Build.0 = Release|Any CPU
		{6BF45AE9-530A-484C-B05F-A908BD93B213}.AppStore|Any CPU.Deploy.0 = Release|Any CPU
		{6BF45AE9-530A-484C-B05F-A908BD93B213}.AppStore|ARM.ActiveCfg = Release|ARM
		{6BF45AE9-530A-484C-B05F-A908BD93B213}.AppStore|ARM.Build.0 = Release|ARM
		{6BF45AE9-530A-484C-B05F-A908BD93B213}.AppStore|ARM.Deploy.0 = Release|ARM
		{6BF45AE9-530A-484C-B05F-A908BD93B213}.AppStore|iPhone.ActiveCfg = Release|Any CPU
		{6BF45AE9-530A-484C-B05F-A908BD93B213}.AppStore|iPhone.Build.0 = Release|Any CPU
		{6BF45AE9-530A-484C-B05F-A908BD93B213}.AppStore|iPhone.Deploy.0 = Release|Any CPU
		{6BF45AE9-530A-484C-B05F-A908BD93B213}.AppStore|iPhoneSimulator.ActiveCfg = Release|Any CPU
		{6BF45AE9-530A-484C-B05F-A908BD93B213}.AppStore|iPhoneSimulator.Build.0 = Release|Any CPU
		{6BF45AE9-530A-484C-B05F-A908BD93B213}.AppStore|iPhoneSimulator.Deploy.0 = Release|Any CPU
		{6BF45AE9-530A-484C-B05F-A908BD93B213}.AppStore|x64.ActiveCfg = Release|Any CPU
		{6BF45AE9-530A-484C-B05F-A908BD93B213}.AppStore|x64.Build.0 = Release|Any CPU
		{6BF45AE9-530A-484C-B05F-A908BD93B213}.AppStore|x64.Deploy.0 = Release|Any CPU
		{6BF45AE9-530A-484C-B05F-A908BD93B213}.AppStore|x86.ActiveCfg = Release|x86
		{6BF45AE9-530A-484C-B05F-A908BD93B213}.AppStore|x86.Build.0 = Release|x86
		{6BF45AE9-530A-484C-B05F-A908BD93B213}.AppStore|x86.Deploy.0 = Release|x86
		{6BF45AE9-530A-484C-B05F-A908BD93B213}.Debug|Any CPU.ActiveCfg = Debug|Any CPU
		{6BF45AE9-530A-484C-B05F-A908BD93B213}.Debug|Any CPU.Build.0 = Debug|Any CPU
		{6BF45AE9-530A-484C-B05F-A908BD93B213}.Debug|Any CPU.Deploy.0 = Debug|Any CPU
		{6BF45AE9-530A-484C-B05F-A908BD93B213}.Debug|ARM.ActiveCfg = Debug|ARM
		{6BF45AE9-530A-484C-B05F-A908BD93B213}.Debug|ARM.Build.0 = Debug|ARM
		{6BF45AE9-530A-484C-B05F-A908BD93B213}.Debug|ARM.Deploy.0 = Debug|ARM
		{6BF45AE9-530A-484C-B05F-A908BD93B213}.Debug|iPhone.ActiveCfg = Debug|Any CPU
		{6BF45AE9-530A-484C-B05F-A908BD93B213}.Debug|iPhone.Build.0 = Debug|Any CPU
		{6BF45AE9-530A-484C-B05F-A908BD93B213}.Debug|iPhone.Deploy.0 = Debug|Any CPU
		{6BF45AE9-530A-484C-B05F-A908BD93B213}.Debug|iPhoneSimulator.ActiveCfg = Debug|Any CPU
		{6BF45AE9-530A-484C-B05F-A908BD93B213}.Debug|iPhoneSimulator.Build.0 = Debug|Any CPU
		{6BF45AE9-530A-484C-B05F-A908BD93B213}.Debug|iPhoneSimulator.Deploy.0 = Debug|Any CPU
		{6BF45AE9-530A-484C-B05F-A908BD93B213}.Debug|x64.ActiveCfg = Debug|Any CPU
		{6BF45AE9-530A-484C-B05F-A908BD93B213}.Debug|x64.Build.0 = Debug|Any CPU
		{6BF45AE9-530A-484C-B05F-A908BD93B213}.Debug|x64.Deploy.0 = Debug|Any CPU
		{6BF45AE9-530A-484C-B05F-A908BD93B213}.Debug|x86.ActiveCfg = Debug|x86
		{6BF45AE9-530A-484C-B05F-A908BD93B213}.Debug|x86.Build.0 = Debug|x86
		{6BF45AE9-530A-484C-B05F-A908BD93B213}.Debug|x86.Deploy.0 = Debug|x86
		{6BF45AE9-530A-484C-B05F-A908BD93B213}.Release|Any CPU.ActiveCfg = Release|Any CPU
		{6BF45AE9-530A-484C-B05F-A908BD93B213}.Release|Any CPU.Build.0 = Release|Any CPU
		{6BF45AE9-530A-484C-B05F-A908BD93B213}.Release|Any CPU.Deploy.0 = Release|Any CPU
		{6BF45AE9-530A-484C-B05F-A908BD93B213}.Release|ARM.ActiveCfg = Release|ARM
		{6BF45AE9-530A-484C-B05F-A908BD93B213}.Release|ARM.Build.0 = Release|ARM
		{6BF45AE9-530A-484C-B05F-A908BD93B213}.Release|ARM.Deploy.0 = Release|ARM
		{6BF45AE9-530A-484C-B05F-A908BD93B213}.Release|iPhone.ActiveCfg = Release|Any CPU
		{6BF45AE9-530A-484C-B05F-A908BD93B213}.Release|iPhone.Build.0 = Release|Any CPU
		{6BF45AE9-530A-484C-B05F-A908BD93B213}.Release|iPhone.Deploy.0 = Release|Any CPU
		{6BF45AE9-530A-484C-B05F-A908BD93B213}.Release|iPhoneSimulator.ActiveCfg = Release|Any CPU
		{6BF45AE9-530A-484C-B05F-A908BD93B213}.Release|iPhoneSimulator.Build.0 = Release|Any CPU
		{6BF45AE9-530A-484C-B05F-A908BD93B213}.Release|iPhoneSimulator.Deploy.0 = Release|Any CPU
		{6BF45AE9-530A-484C-B05F-A908BD93B213}.Release|x64.ActiveCfg = Release|Any CPU
		{6BF45AE9-530A-484C-B05F-A908BD93B213}.Release|x64.Build.0 = Release|Any CPU
		{6BF45AE9-530A-484C-B05F-A908BD93B213}.Release|x64.Deploy.0 = Release|Any CPU
		{6BF45AE9-530A-484C-B05F-A908BD93B213}.Release|x86.ActiveCfg = Release|x86
		{6BF45AE9-530A-484C-B05F-A908BD93B213}.Release|x86.Build.0 = Release|x86
		{6BF45AE9-530A-484C-B05F-A908BD93B213}.Release|x86.Deploy.0 = Release|x86
		{46A58C48-9D74-4A53-96E6-9ED00D13AD53}.Ad-Hoc|Any CPU.ActiveCfg = Release|Any CPU
		{46A58C48-9D74-4A53-96E6-9ED00D13AD53}.Ad-Hoc|Any CPU.Build.0 = Release|Any CPU
		{46A58C48-9D74-4A53-96E6-9ED00D13AD53}.Ad-Hoc|Any CPU.Deploy.0 = Release|Any CPU
		{46A58C48-9D74-4A53-96E6-9ED00D13AD53}.Ad-Hoc|ARM.ActiveCfg = Release|ARM
		{46A58C48-9D74-4A53-96E6-9ED00D13AD53}.Ad-Hoc|ARM.Build.0 = Release|ARM
		{46A58C48-9D74-4A53-96E6-9ED00D13AD53}.Ad-Hoc|ARM.Deploy.0 = Release|ARM
		{46A58C48-9D74-4A53-96E6-9ED00D13AD53}.Ad-Hoc|iPhone.ActiveCfg = Release|Any CPU
		{46A58C48-9D74-4A53-96E6-9ED00D13AD53}.Ad-Hoc|iPhone.Build.0 = Release|Any CPU
		{46A58C48-9D74-4A53-96E6-9ED00D13AD53}.Ad-Hoc|iPhone.Deploy.0 = Release|Any CPU
		{46A58C48-9D74-4A53-96E6-9ED00D13AD53}.Ad-Hoc|iPhoneSimulator.ActiveCfg = Release|Any CPU
		{46A58C48-9D74-4A53-96E6-9ED00D13AD53}.Ad-Hoc|iPhoneSimulator.Build.0 = Release|Any CPU
		{46A58C48-9D74-4A53-96E6-9ED00D13AD53}.Ad-Hoc|iPhoneSimulator.Deploy.0 = Release|Any CPU
		{46A58C48-9D74-4A53-96E6-9ED00D13AD53}.Ad-Hoc|x64.ActiveCfg = Release|x64
		{46A58C48-9D74-4A53-96E6-9ED00D13AD53}.Ad-Hoc|x64.Build.0 = Release|x64
		{46A58C48-9D74-4A53-96E6-9ED00D13AD53}.Ad-Hoc|x64.Deploy.0 = Release|x64
		{46A58C48-9D74-4A53-96E6-9ED00D13AD53}.Ad-Hoc|x86.ActiveCfg = Release|x86
		{46A58C48-9D74-4A53-96E6-9ED00D13AD53}.Ad-Hoc|x86.Build.0 = Release|x86
		{46A58C48-9D74-4A53-96E6-9ED00D13AD53}.Ad-Hoc|x86.Deploy.0 = Release|x86
		{46A58C48-9D74-4A53-96E6-9ED00D13AD53}.AppStore|Any CPU.ActiveCfg = Release|Any CPU
		{46A58C48-9D74-4A53-96E6-9ED00D13AD53}.AppStore|Any CPU.Build.0 = Release|Any CPU
		{46A58C48-9D74-4A53-96E6-9ED00D13AD53}.AppStore|Any CPU.Deploy.0 = Release|Any CPU
		{46A58C48-9D74-4A53-96E6-9ED00D13AD53}.AppStore|ARM.ActiveCfg = Release|ARM
		{46A58C48-9D74-4A53-96E6-9ED00D13AD53}.AppStore|ARM.Build.0 = Release|ARM
		{46A58C48-9D74-4A53-96E6-9ED00D13AD53}.AppStore|ARM.Deploy.0 = Release|ARM
		{46A58C48-9D74-4A53-96E6-9ED00D13AD53}.AppStore|iPhone.ActiveCfg = Release|Any CPU
		{46A58C48-9D74-4A53-96E6-9ED00D13AD53}.AppStore|iPhone.Build.0 = Release|Any CPU
		{46A58C48-9D74-4A53-96E6-9ED00D13AD53}.AppStore|iPhone.Deploy.0 = Release|Any CPU
		{46A58C48-9D74-4A53-96E6-9ED00D13AD53}.AppStore|iPhoneSimulator.ActiveCfg = Release|Any CPU
		{46A58C48-9D74-4A53-96E6-9ED00D13AD53}.AppStore|iPhoneSimulator.Build.0 = Release|Any CPU
		{46A58C48-9D74-4A53-96E6-9ED00D13AD53}.AppStore|iPhoneSimulator.Deploy.0 = Release|Any CPU
		{46A58C48-9D74-4A53-96E6-9ED00D13AD53}.AppStore|x64.ActiveCfg = Release|x64
		{46A58C48-9D74-4A53-96E6-9ED00D13AD53}.AppStore|x64.Build.0 = Release|x64
		{46A58C48-9D74-4A53-96E6-9ED00D13AD53}.AppStore|x64.Deploy.0 = Release|x64
		{46A58C48-9D74-4A53-96E6-9ED00D13AD53}.AppStore|x86.ActiveCfg = Release|x86
		{46A58C48-9D74-4A53-96E6-9ED00D13AD53}.AppStore|x86.Build.0 = Release|x86
		{46A58C48-9D74-4A53-96E6-9ED00D13AD53}.AppStore|x86.Deploy.0 = Release|x86
		{46A58C48-9D74-4A53-96E6-9ED00D13AD53}.Debug|Any CPU.ActiveCfg = Debug|Any CPU
		{46A58C48-9D74-4A53-96E6-9ED00D13AD53}.Debug|Any CPU.Build.0 = Debug|Any CPU
		{46A58C48-9D74-4A53-96E6-9ED00D13AD53}.Debug|Any CPU.Deploy.0 = Debug|Any CPU
		{46A58C48-9D74-4A53-96E6-9ED00D13AD53}.Debug|ARM.ActiveCfg = Debug|ARM
		{46A58C48-9D74-4A53-96E6-9ED00D13AD53}.Debug|ARM.Build.0 = Debug|ARM
		{46A58C48-9D74-4A53-96E6-9ED00D13AD53}.Debug|ARM.Deploy.0 = Debug|ARM
		{46A58C48-9D74-4A53-96E6-9ED00D13AD53}.Debug|iPhone.ActiveCfg = Debug|Any CPU
		{46A58C48-9D74-4A53-96E6-9ED00D13AD53}.Debug|iPhone.Build.0 = Debug|Any CPU
		{46A58C48-9D74-4A53-96E6-9ED00D13AD53}.Debug|iPhone.Deploy.0 = Debug|Any CPU
		{46A58C48-9D74-4A53-96E6-9ED00D13AD53}.Debug|iPhoneSimulator.ActiveCfg = Debug|Any CPU
		{46A58C48-9D74-4A53-96E6-9ED00D13AD53}.Debug|iPhoneSimulator.Build.0 = Debug|Any CPU
		{46A58C48-9D74-4A53-96E6-9ED00D13AD53}.Debug|iPhoneSimulator.Deploy.0 = Debug|Any CPU
		{46A58C48-9D74-4A53-96E6-9ED00D13AD53}.Debug|x64.ActiveCfg = Debug|x64
		{46A58C48-9D74-4A53-96E6-9ED00D13AD53}.Debug|x64.Build.0 = Debug|x64
		{46A58C48-9D74-4A53-96E6-9ED00D13AD53}.Debug|x64.Deploy.0 = Debug|x64
		{46A58C48-9D74-4A53-96E6-9ED00D13AD53}.Debug|x86.ActiveCfg = Debug|x86
		{46A58C48-9D74-4A53-96E6-9ED00D13AD53}.Debug|x86.Build.0 = Debug|x86
		{46A58C48-9D74-4A53-96E6-9ED00D13AD53}.Debug|x86.Deploy.0 = Debug|x86
		{46A58C48-9D74-4A53-96E6-9ED00D13AD53}.Release|Any CPU.ActiveCfg = Release|Any CPU
		{46A58C48-9D74-4A53-96E6-9ED00D13AD53}.Release|Any CPU.Build.0 = Release|Any CPU
		{46A58C48-9D74-4A53-96E6-9ED00D13AD53}.Release|Any CPU.Deploy.0 = Release|Any CPU
		{46A58C48-9D74-4A53-96E6-9ED00D13AD53}.Release|ARM.ActiveCfg = Release|ARM
		{46A58C48-9D74-4A53-96E6-9ED00D13AD53}.Release|ARM.Build.0 = Release|ARM
		{46A58C48-9D74-4A53-96E6-9ED00D13AD53}.Release|ARM.Deploy.0 = Release|ARM
		{46A58C48-9D74-4A53-96E6-9ED00D13AD53}.Release|iPhone.ActiveCfg = Release|Any CPU
		{46A58C48-9D74-4A53-96E6-9ED00D13AD53}.Release|iPhone.Build.0 = Release|Any CPU
		{46A58C48-9D74-4A53-96E6-9ED00D13AD53}.Release|iPhone.Deploy.0 = Release|Any CPU
		{46A58C48-9D74-4A53-96E6-9ED00D13AD53}.Release|iPhoneSimulator.ActiveCfg = Release|Any CPU
		{46A58C48-9D74-4A53-96E6-9ED00D13AD53}.Release|iPhoneSimulator.Build.0 = Release|Any CPU
		{46A58C48-9D74-4A53-96E6-9ED00D13AD53}.Release|iPhoneSimulator.Deploy.0 = Release|Any CPU
		{46A58C48-9D74-4A53-96E6-9ED00D13AD53}.Release|x64.ActiveCfg = Release|x64
		{46A58C48-9D74-4A53-96E6-9ED00D13AD53}.Release|x64.Build.0 = Release|x64
		{46A58C48-9D74-4A53-96E6-9ED00D13AD53}.Release|x64.Deploy.0 = Release|x64
		{46A58C48-9D74-4A53-96E6-9ED00D13AD53}.Release|x86.ActiveCfg = Release|x86
		{46A58C48-9D74-4A53-96E6-9ED00D13AD53}.Release|x86.Build.0 = Release|x86
		{46A58C48-9D74-4A53-96E6-9ED00D13AD53}.Release|x86.Deploy.0 = Release|x86
	EndGlobalSection
	GlobalSection(SolutionProperties) = preSolution
		HideSolutionNode = FALSE
	EndGlobalSection
EndGlobal
